
Microsoft Visual Studio Solution File, Format Version 12.00
# Visual Studio Version 16
VisualStudioVersion = 16.0.30323.103
MinimumVisualStudioVersion = 10.0.40219.1
Project("{9A19103F-16F7-4668-BE54-9A1E7A4F7556}") = "ZRA.NET", "ZRA.NET\ZRA.NET.csproj", "{C728ED2B-5597-47B2-836E-87C3B38B320A}"
EndProject
Project("{2150E333-8FDC-42A3-9474-1A3956D46DE8}") = "Solution Items", "Solution Items", "{32401CF6-305B-4C48-8502-9715433386D6}"
	ProjectSection(SolutionItems) = preProject
		.github\workflows\csharp.yml = .github\workflows\csharp.yml
		LICENSE.md = LICENSE.md
		README.md = README.md
		ZRA.NET.sln.DotSettings = ZRA.NET.sln.DotSettings
	EndProjectSection
EndProject
Project("{FAE04EC0-301F-11D3-BF4B-00C04F79EFBC}") = "zratoolnet", "zratoolnet\zratoolnet.csproj", "{D9EC48D3-C90A-4A84-AE8D-6E1147E55483}"
EndProject
Global
	GlobalSection(SolutionConfigurationPlatforms) = preSolution
		Debug|Any CPU = Debug|Any CPU
		Release|Any CPU = Release|Any CPU
	EndGlobalSection
	GlobalSection(ProjectConfigurationPlatforms) = postSolution
		{C728ED2B-5597-47B2-836E-87C3B38B320A}.Debug|Any CPU.ActiveCfg = Debug|Any CPU
		{C728ED2B-5597-47B2-836E-87C3B38B320A}.Debug|Any CPU.Build.0 = Debug|Any CPU
		{C728ED2B-5597-47B2-836E-87C3B38B320A}.Release|Any CPU.ActiveCfg = Release|Any CPU
		{C728ED2B-5597-47B2-836E-87C3B38B320A}.Release|Any CPU.Build.0 = Release|Any CPU
		{D9EC48D3-C90A-4A84-AE8D-6E1147E55483}.Debug|Any CPU.ActiveCfg = Debug|Any CPU
		{D9EC48D3-C90A-4A84-AE8D-6E1147E55483}.Debug|Any CPU.Build.0 = Debug|Any CPU
		{D9EC48D3-C90A-4A84-AE8D-6E1147E55483}.Release|Any CPU.ActiveCfg = Release|Any CPU
		{D9EC48D3-C90A-4A84-AE8D-6E1147E55483}.Release|Any CPU.Build.0 = Release|Any CPU
	EndGlobalSection
	GlobalSection(SolutionProperties) = preSolution
		HideSolutionNode = FALSE
	EndGlobalSection
	GlobalSection(ExtensibilityGlobals) = postSolution
		SolutionGuid = {2A6A9E7B-6304-4E1A-A8DE-1BCC376C48EB}
	EndGlobalSection
EndGlobal
